
Microsoft Visual Studio Solution File, Format Version 12.00
# Visual Studio 15
VisualStudioVersion = 15.0.28307.329
MinimumVisualStudioVersion = 10.0.40219.1
Project("{FAE04EC0-301F-11D3-BF4B-00C04F79EFBC}") = "RuForm3", "RuForm3\RuForm3.csproj", "{56BDC30E-BCE2-4CEB-9C6B-6AF195FA2B6F}"
EndProject
Global
	GlobalSection(SolutionConfigurationPlatforms) = preSolution
		Debug|Any CPU = Debug|Any CPU
		Release|Any CPU = Release|Any CPU
	EndGlobalSection
	GlobalSection(ProjectConfigurationPlatforms) = postSolution
		{56BDC30E-BCE2-4CEB-9C6B-6AF195FA2B6F}.Debug|Any CPU.ActiveCfg = Debug|Any CPU
		{56BDC30E-BCE2-4CEB-9C6B-6AF195FA2B6F}.Debug|Any CPU.Build.0 = Debug|Any CPU
		{56BDC30E-BCE2-4CEB-9C6B-6AF195FA2B6F}.Release|Any CPU.ActiveCfg = Release|Any CPU
		{56BDC30E-BCE2-4CEB-9C6B-6AF195FA2B6F}.Release|Any CPU.Build.0 = Release|Any CPU
	EndGlobalSection
	GlobalSection(SolutionProperties) = preSolution
		HideSolutionNode = FALSE
	EndGlobalSection
	GlobalSection(ExtensibilityGlobals) = postSolution
		SolutionGuid = {4C7BB428-7C42-4B18-8753-CEB6CD60B690}
	EndGlobalSection
EndGlobal
